
Microsoft Visual Studio Solution File, Format Version 12.00
# Visual Studio 15
VisualStudioVersion = 15.0.27703.2047
MinimumVisualStudioVersion = 10.0.40219.1
Project("{FAE04EC0-301F-11D3-BF4B-00C04F79EFBC}") = "ThotMVC", "ThotMVC\ThotMVC.csproj", "{CF818AB0-8ABE-45E0-819E-F8A31C9A3BB8}"
EndProject
Project("{FAE04EC0-301F-11D3-BF4B-00C04F79EFBC}") = "ThotMVC.Tests", "ThotMVC.Tests\ThotMVC.Tests.csproj", "{C6BDECB5-B5A3-47AF-B362-866BFE3A18E4}"
EndProject
Global
	GlobalSection(SolutionConfigurationPlatforms) = preSolution
		Debug|Any CPU = Debug|Any CPU
		Release|Any CPU = Release|Any CPU
	EndGlobalSection
	GlobalSection(ProjectConfigurationPlatforms) = postSolution
		{CF818AB0-8ABE-45E0-819E-F8A31C9A3BB8}.Debug|Any CPU.ActiveCfg = Debug|Any CPU
		{CF818AB0-8ABE-45E0-819E-F8A31C9A3BB8}.Debug|Any CPU.Build.0 = Debug|Any CPU
		{CF818AB0-8ABE-45E0-819E-F8A31C9A3BB8}.Release|Any CPU.ActiveCfg = Release|Any CPU
		{CF818AB0-8ABE-45E0-819E-F8A31C9A3BB8}.Release|Any CPU.Build.0 = Release|Any CPU
		{C6BDECB5-B5A3-47AF-B362-866BFE3A18E4}.Debug|Any CPU.ActiveCfg = Debug|Any CPU
		{C6BDECB5-B5A3-47AF-B362-866BFE3A18E4}.Debug|Any CPU.Build.0 = Debug|Any CPU
		{C6BDECB5-B5A3-47AF-B362-866BFE3A18E4}.Release|Any CPU.ActiveCfg = Release|Any CPU
		{C6BDECB5-B5A3-47AF-B362-866BFE3A18E4}.Release|Any CPU.Build.0 = Release|Any CPU
	EndGlobalSection
	GlobalSection(SolutionProperties) = preSolution
		HideSolutionNode = FALSE
	EndGlobalSection
	GlobalSection(ExtensibilityGlobals) = postSolution
		SolutionGuid = {1A3396E0-BBD1-4433-BE68-274F3FAEFFA3}
	EndGlobalSection
EndGlobal
